# THIS IS AN AUTOGENERATED FILE. DO NOT EDIT THIS FILE DIRECTLY.
# yarn lockfile v1


"@popperjs/core@^2.11.2":
  version "2.11.8"
  resolved "https://registry.yarnpkg.com/@popperjs/core/-/core-2.11.8.tgz#6b79032e760a0899cd4204710beede972a3a185f"
  integrity sha512-P1st0aksCrn9sGZhp8GMYwBnQsbvAWsZAX44oXNNvLHGqAOcoVxmjZiohstwQ7SqKnbR47akdNi+uleWD8+g6A==

preline@^2.1.0:
  version "2.1.0"
  resolved "https://registry.yarnpkg.com/preline/-/preline-2.1.0.tgz#6ab006c11379a03b380d341b7b5b6f827baebc40"
  integrity sha512-7pwrGNPVfGYUv1XHW9i49ejowIVHCDTx8JvbM43hapLi1GCjj9NnAZmTKupxaROboB4Nvp2x0ADBVKAhpmZppA==
  dependencies:
    "@popperjs/core" "^2.11.2"
